Microsoft Visual Studio Solution File, Format Version 12.00
# Visual Studio Version 17
VisualStudioVersion = 17.5.2.0
MinimumVisualStudioVersion = 10.0.40219.1
Project("{FAE04EC0-301F-11D3-BF4B-00C04F79EFBC}") = "SplitWiseWeb", "SplitWiseWeb\SplitWiseWeb.csproj", "{5195AC16-D92A-9228-15A9-6ED485FF6CAB}"
EndProject
Project("{FAE04EC0-301F-11D3-BF4B-00C04F79EFBC}") = "SplitWiseService", "SplitWiseService\SplitWiseService.csproj", "{EBCC4BAA-9259-4007-97B3-890337618AAE}"
EndProject
Project("{FAE04EC0-301F-11D3-BF4B-00C04F79EFBC}") = "SplitWiseRepository", "SplitWiseRepository\SplitWiseRepository.csproj", "{713E4425-E8E6-41EC-87A9-145830F38948}"
EndProject
Global
	GlobalSection(SolutionConfigurationPlatforms) = preSolution
		Debug|Any CPU = Debug|Any CPU
		Release|Any CPU = Release|Any CPU
	EndGlobalSection
	GlobalSection(ProjectConfigurationPlatforms) = postSolution
		{5195AC16-D92A-9228-15A9-6ED485FF6CAB}.Debug|Any CPU.ActiveCfg = Debug|Any CPU
		{5195AC16-D92A-9228-15A9-6ED485FF6CAB}.Debug|Any CPU.Build.0 = Debug|Any CPU
		{5195AC16-D92A-9228-15A9-6ED485FF6CAB}.Release|Any CPU.ActiveCfg = Release|Any CPU
		{5195AC16-D92A-9228-15A9-6ED485FF6CAB}.Release|Any CPU.Build.0 = Release|Any CPU
		{EBCC4BAA-9259-4007-97B3-890337618AAE}.Debug|Any CPU.ActiveCfg = Debug|Any CPU
		{EBCC4BAA-9259-4007-97B3-890337618AAE}.Debug|Any CPU.Build.0 = Debug|Any CPU
		{EBCC4BAA-9259-4007-97B3-890337618AAE}.Release|Any CPU.ActiveCfg = Release|Any CPU
		{EBCC4BAA-9259-4007-97B3-890337618AAE}.Release|Any CPU.Build.0 = Release|Any CPU
		{713E4425-E8E6-41EC-87A9-145830F38948}.Debug|Any CPU.ActiveCfg = Debug|Any CPU
		{713E4425-E8E6-41EC-87A9-145830F38948}.Debug|Any CPU.Build.0 = Debug|Any CPU
		{713E4425-E8E6-41EC-87A9-145830F38948}.Release|Any CPU.ActiveCfg = Release|Any CPU
		{713E4425-E8E6-41EC-87A9-145830F38948}.Release|Any CPU.Build.0 = Release|Any CPU
	EndGlobalSection
	GlobalSection(SolutionProperties) = preSolution
		HideSolutionNode = FALSE
	EndGlobalSection
	GlobalSection(ExtensibilityGlobals) = postSolution
		SolutionGuid = {3BB74860-18A5-41D0-9B82-FCDD150D8059}
	EndGlobalSection
EndGlobal
